
Microsoft Visual Studio Solution File, Format Version 12.00
# Visual Studio Version 17
VisualStudioVersion = 17.13.35825.156
MinimumVisualStudioVersion = 10.0.40219.1
Project("{FAE04EC0-301F-11D3-BF4B-00C04F79EFBC}") = "Digital_Weighing_Scale", "Digital_Weighing_Scale\Digital_Weighing_Scale.csproj", "{FDB92CD3-81A6-4A74-B881-CAB58990B4E5}"
EndProject
Project("{2150E333-8FDC-42A3-9474-1A3956D46DE8}") = "Solution Items", "Solution Items", "{8EC462FD-D22E-90A8-E5CE-7E832BA40C5D}"
EndProject
Global
	GlobalSection(SolutionConfigurationPlatforms) = preSolution
		Debug|Any CPU = Debug|Any CPU
		Release|Any CPU = Release|Any CPU
	EndGlobalSection
	GlobalSection(ProjectConfigurationPlatforms) = postSolution
		{FDB92CD3-81A6-4A74-B881-CAB58990B4E5}.Debug|Any CPU.ActiveCfg = Debug|Any CPU
		{FDB92CD3-81A6-4A74-B881-CAB58990B4E5}.Debug|Any CPU.Build.0 = Debug|Any CPU
		{FDB92CD3-81A6-4A74-B881-CAB58990B4E5}.Release|Any CPU.ActiveCfg = Release|Any CPU
		{FDB92CD3-81A6-4A74-B881-CAB58990B4E5}.Release|Any CPU.Build.0 = Release|Any CPU
	EndGlobalSection
	GlobalSection(SolutionProperties) = preSolution
		HideSolutionNode = FALSE
	EndGlobalSection
	GlobalSection(ExtensibilityGlobals) = postSolution
		SolutionGuid = {5FA6408F-15ED-4E34-B422-A09717DA8B5B}
	EndGlobalSection
EndGlobal
